
Microsoft Visual Studio Solution File, Format Version 12.00
# Visual Studio Version 17
VisualStudioVersion = 17.5.33530.505
MinimumVisualStudioVersion = 10.0.40219.1
Project("{FAE04EC0-301F-11D3-BF4B-00C04F79EFBC}") = "BorderlessGaming", "BorderlessGaming.csproj", "{7A3A2717-9669-4F07-8261-9824649BCCE8}"
EndProject
Global
	GlobalSection(SolutionConfigurationPlatforms) = preSolution
		Debug|Any CPU = Debug|Any CPU
		Release|Any CPU = Release|Any CPU
	EndGlobalSection
	GlobalSection(ProjectConfigurationPlatforms) = postSolution
		{7A3A2717-9669-4F07-8261-9824649BCCE8}.Debug|Any CPU.ActiveCfg = Debug|Any CPU
		{7A3A2717-9669-4F07-8261-9824649BCCE8}.Debug|Any CPU.Build.0 = Debug|Any CPU
		{7A3A2717-9669-4F07-8261-9824649BCCE8}.Release|Any CPU.ActiveCfg = Release|Any CPU
		{7A3A2717-9669-4F07-8261-9824649BCCE8}.Release|Any CPU.Build.0 = Release|Any CPU
	EndGlobalSection
	GlobalSection(SolutionProperties) = preSolution
		HideSolutionNode = FALSE
	EndGlobalSection
	GlobalSection(ExtensibilityGlobals) = postSolution
		SolutionGuid = {20C9BBEE-36EA-4953-9BDB-B505C84B9047}
	EndGlobalSection
EndGlobal
